
Microsoft Visual Studio Solution File, Format Version 12.00
# Visual Studio Version 16
VisualStudioVersion = 16.0.33927.289
MinimumVisualStudioVersion = 10.0.40219.1
Project("{FAE04EC0-301F-11D3-BF4B-00C04F79EFBC}") = "EjecucionActivosfijos", "EjecucionActivosfijos\EjecucionActivosfijos.csproj", "{2670D63C-D1E3-4D46-B163-A2468B0AA168}"
EndProject
Global
	GlobalSection(SolutionConfigurationPlatforms) = preSolution
		Debug|Any CPU = Debug|Any CPU
		Release|Any CPU = Release|Any CPU
	EndGlobalSection
	GlobalSection(ProjectConfigurationPlatforms) = postSolution
		{2670D63C-D1E3-4D46-B163-A2468B0AA168}.Debug|Any CPU.ActiveCfg = Debug|Any CPU
		{2670D63C-D1E3-4D46-B163-A2468B0AA168}.Debug|Any CPU.Build.0 = Debug|Any CPU
		{2670D63C-D1E3-4D46-B163-A2468B0AA168}.Release|Any CPU.ActiveCfg = Release|Any CPU
		{2670D63C-D1E3-4D46-B163-A2468B0AA168}.Release|Any CPU.Build.0 = Release|Any CPU
	EndGlobalSection
	GlobalSection(SolutionProperties) = preSolution
		HideSolutionNode = FALSE
	EndGlobalSection
	GlobalSection(ExtensibilityGlobals) = postSolution
		SolutionGuid = {7BA90FD9-B2CD-4C30-ABEF-CC07895555FF}
	EndGlobalSection
EndGlobal
