
Microsoft Visual Studio Solution File, Format Version 12.00
# Visual Studio Version 16
VisualStudioVersion = 16.0.35229.62
MinimumVisualStudioVersion = 10.0.40219.1
Project("{FAE04EC0-301F-11D3-BF4B-00C04F79EFBC}") = "Ejecucion_TransaccionProveedores", "Ejecucion_TransaccionProveedores\Ejecucion_TransaccionProveedores.csproj", "{CC54071F-25DE-4C08-A68B-222EC3151246}"
EndProject
Global
	GlobalSection(SolutionConfigurationPlatforms) = preSolution
		Debug|Any CPU = Debug|Any CPU
		Release|Any CPU = Release|Any CPU
	EndGlobalSection
	GlobalSection(ProjectConfigurationPlatforms) = postSolution
		{CC54071F-25DE-4C08-A68B-222EC3151246}.Debug|Any CPU.ActiveCfg = Debug|Any CPU
		{CC54071F-25DE-4C08-A68B-222EC3151246}.Debug|Any CPU.Build.0 = Debug|Any CPU
		{CC54071F-25DE-4C08-A68B-222EC3151246}.Release|Any CPU.ActiveCfg = Release|Any CPU
		{CC54071F-25DE-4C08-A68B-222EC3151246}.Release|Any CPU.Build.0 = Release|Any CPU
	EndGlobalSection
	GlobalSection(SolutionProperties) = preSolution
		HideSolutionNode = FALSE
	EndGlobalSection
	GlobalSection(ExtensibilityGlobals) = postSolution
		SolutionGuid = {819DE173-2731-415F-B2F1-5AF53EE8C8A3}
	EndGlobalSection
EndGlobal
