
Microsoft Visual Studio Solution File, Format Version 12.00
# Visual Studio Version 16
VisualStudioVersion = 16.0.33927.289
MinimumVisualStudioVersion = 10.0.40219.1
Project("{FAE04EC0-301F-11D3-BF4B-00C04F79EFBC}") = "CapaVistaActivofijo", "CapaVistaActivofijo\CapaVistaActivofijo.csproj", "{F0566783-5F3F-4C98-9F90-DC2684CF54A9}"
EndProject
Project("{FAE04EC0-301F-11D3-BF4B-00C04F79EFBC}") = "CapaControladorActivofijo", "CapaControladorActivofijo\CapaControladorActivofijo.csproj", "{8BA8E13B-DE0F-4DC7-A22B-2EBDCD451B52}"
EndProject
Project("{FAE04EC0-301F-11D3-BF4B-00C04F79EFBC}") = "CapaModeloActivofijo", "CapaModeloActivofijo\CapaModeloActivofijo.csproj", "{F554CFC0-4638-45C7-B5A4-0A5F82BCEB01}"
EndProject
Global
	GlobalSection(SolutionConfigurationPlatforms) = preSolution
		Debug|Any CPU = Debug|Any CPU
		Release|Any CPU = Release|Any CPU
	EndGlobalSection
	GlobalSection(ProjectConfigurationPlatforms) = postSolution
		{F0566783-5F3F-4C98-9F90-DC2684CF54A9}.Debug|Any CPU.ActiveCfg = Debug|Any CPU
		{F0566783-5F3F-4C98-9F90-DC2684CF54A9}.Debug|Any CPU.Build.0 = Debug|Any CPU
		{F0566783-5F3F-4C98-9F90-DC2684CF54A9}.Release|Any CPU.ActiveCfg = Release|Any CPU
		{F0566783-5F3F-4C98-9F90-DC2684CF54A9}.Release|Any CPU.Build.0 = Release|Any CPU
		{8BA8E13B-DE0F-4DC7-A22B-2EBDCD451B52}.Debug|Any CPU.ActiveCfg = Debug|Any CPU
		{8BA8E13B-DE0F-4DC7-A22B-2EBDCD451B52}.Debug|Any CPU.Build.0 = Debug|Any CPU
		{8BA8E13B-DE0F-4DC7-A22B-2EBDCD451B52}.Release|Any CPU.ActiveCfg = Release|Any CPU
		{8BA8E13B-DE0F-4DC7-A22B-2EBDCD451B52}.Release|Any CPU.Build.0 = Release|Any CPU
		{F554CFC0-4638-45C7-B5A4-0A5F82BCEB01}.Debug|Any CPU.ActiveCfg = Debug|Any CPU
		{F554CFC0-4638-45C7-B5A4-0A5F82BCEB01}.Debug|Any CPU.Build.0 = Debug|Any CPU
		{F554CFC0-4638-45C7-B5A4-0A5F82BCEB01}.Release|Any CPU.ActiveCfg = Release|Any CPU
		{F554CFC0-4638-45C7-B5A4-0A5F82BCEB01}.Release|Any CPU.Build.0 = Release|Any CPU
	EndGlobalSection
	GlobalSection(SolutionProperties) = preSolution
		HideSolutionNode = FALSE
	EndGlobalSection
	GlobalSection(ExtensibilityGlobals) = postSolution
		SolutionGuid = {67830D56-53D1-4008-8311-D72073673A08}
	EndGlobalSection
EndGlobal
